// !$*UTF8*$!
{
	archiveVersion = 1;
	classes = {
	};
	objectVersion = 50;
	objects = {

/* Begin PBXBuildFile section */
		847DD5E621C8DA6E0020797B /* ScoreViewController.swift in Sources */ = {isa = PBXBuildFile; fileRef = 847DD5E521C8DA6E0020797B /* ScoreViewController.swift */; };
		847DD5E821C8DA890020797B /* GiftViewController.swift in Sources */ = {isa = PBXBuildFile; fileRef = 847DD5E721C8DA890020797B /* GiftViewController.swift */; };
		84D1072721C76A4F00409F01 /* AppDelegate.swift in Sources */ = {isa = PBXBuildFile; fileRef = 84D1072621C76A4F00409F01 /* AppDelegate.swift */; };
		84D1072921C76A4F00409F01 /* ViewController.swift in Sources */ = {isa = PBXBuildFile; fileRef = 84D1072821C76A4F00409F01 /* ViewController.swift */; };
		84D1072C21C76A4F00409F01 /* Main.storyboard in Resources */ = {isa = PBXBuildFile; fileRef = 84D1072A21C76A4F00409F01 /* Main.storyboard */; };
		84D1072E21C76A5000409F01 /* Assets.xcassets in Resources */ = {isa = PBXBuildFile; fileRef = 84D1072D21C76A5000409F01 /* Assets.xcassets */; };
		84D1073121C76A5000409F01 /* LaunchScreen.storyboard in Resources */ = {isa = PBXBuildFile; fileRef = 84D1072F21C76A5000409F01 /* LaunchScreen.storyboard */; };
		84D1074021C76DAA00409F01 /* LogcatViewController.swift in Sources */ = {isa = PBXBuildFile; fileRef = 84D1073F21C76DAA00409F01 /* LogcatViewController.swift */; };
/* End PBXBuildFile section */

/* Begin PBXFileReference section */
		847DD5E521C8DA6E0020797B /* ScoreViewController.swift */ = {isa = PBXFileReference; lastKnownFileType = sourcecode.swift; path = ScoreViewController.swift; sourceTree = "<group>"; };
		847DD5E721C8DA890020797B /* GiftViewController.swift */ = {isa = PBXFileReference; lastKnownFileType = sourcecode.swift; path = GiftViewController.swift; sourceTree = "<group>"; };
		84D1072321C76A4F00409F01 /* NewPrivatePod.app */ = {isa = PBXFileReference; explicitFileType = wrapper.application; includeInIndex = 0; path = NewPrivatePod.app; sourceTree = BUILT_PRODUCTS_DIR; };
		84D1072621C76A4F00409F01 /* AppDelegate.swift */ = {isa = PBXFileReference; lastKnownFileType = sourcecode.swift; path = AppDelegate.swift; sourceTree = "<group>"; };
		84D1072821C76A4F00409F01 /* ViewController.swift */ = {isa = PBXFileReference; lastKnownFileType = sourcecode.swift; path = ViewController.swift; sourceTree = "<group>"; };
		84D1072B21C76A4F00409F01 /* Base */ = {isa = PBXFileReference; lastKnownFileType = file.storyboard; name = Base; path = Base.lproj/Main.storyboard; sourceTree = "<group>"; };
		84D1072D21C76A5000409F01 /* Assets.xcassets */ = {isa = PBXFileReference; lastKnownFileType = folder.assetcatalog; path = Assets.xcassets; sourceTree = "<group>"; };
		84D1073021C76A5000409F01 /* Base */ = {isa = PBXFileReference; lastKnownFileType = file.storyboard; name = Base; path = Base.lproj/LaunchScreen.storyboard; sourceTree = "<group>"; };
		84D1073221C76A5000409F01 /* Info.plist */ = {isa = PBXFileReference; lastKnownFileType = text.plist.xml; path = Info.plist; sourceTree = "<group>"; };
		84D1073F21C76DAA00409F01 /* LogcatViewController.swift */ = {isa = PBXFileReference; lastKnownFileType = sourcecode.swift; path = LogcatViewController.swift; sourceTree = "<group>"; };
/* End PBXFileReference section */

/* Begin PBXFrameworksBuildPhase section */
		84D1072021C76A4F00409F01 /* Frameworks */ = {
			isa = PBXFrameworksBuildPhase;
			buildActionMask = 2147483647;
			files = (
			);
			runOnlyForDeploymentPostprocessing = 0;
		};
/* End PBXFrameworksBuildPhase section */

/* Begin PBXGroup section */
		84D1071A21C76A4F00409F01 = {
			isa = PBXGroup;
			children = (
				84D1072521C76A4F00409F01 /* NewPrivatePod */,
				84D1072421C76A4F00409F01 /* Products */,
			);
			sourceTree = "<group>";
		};
		84D1072421C76A4F00409F01 /* Products */ = {
			isa = PBXGroup;
			children = (
				84D1072321C76A4F00409F01 /* NewPrivatePod.app */,
			);
			name = Products;
			sourceTree = "<group>";
		};
		84D1072521C76A4F00409F01 /* NewPrivatePod */ = {
			isa = PBXGroup;
			children = (
				84D1073C21C76D8200409F01 /* Pod */,
				84D1072621C76A4F00409F01 /* AppDelegate.swift */,
				84D1072821C76A4F00409F01 /* ViewController.swift */,
				84D1072A21C76A4F00409F01 /* Main.storyboard */,
				84D1072D21C76A5000409F01 /* Assets.xcassets */,
				84D1072F21C76A5000409F01 /* LaunchScreen.storyboard */,
				84D1073221C76A5000409F01 /* Info.plist */,
			);
			path = NewPrivatePod;
			sourceTree = "<group>";
		};
		84D1073C21C76D8200409F01 /* Pod */ = {
			isa = PBXGroup;
			children = (
				84D1073D21C76D8200409F01 /* Classes */,
				84D1073E21C76D8200409F01 /* Assets */,
			);
			path = Pod;
			sourceTree = SOURCE_ROOT;
		};
		84D1073D21C76D8200409F01 /* Classes */ = {
			isa = PBXGroup;
			children = (
				84D1073F21C76DAA00409F01 /* LogcatViewController.swift */,
				847DD5E521C8DA6E0020797B /* ScoreViewController.swift */,
				847DD5E721C8DA890020797B /* GiftViewController.swift */,
			);
			path = Classes;
			sourceTree = "<group>";
		};
		84D1073E21C76D8200409F01 /* Assets */ = {
			isa = PBXGroup;
			children = (
			);
			path = Assets;
			sourceTree = "<group>";
		};
/* End PBXGroup section */

/* Begin PBXNativeTarget section */
		84D1072221C76A4F00409F01 /* NewPrivatePod */ = {
			isa = PBXNativeTarget;
			buildConfigurationList = 84D1073521C76A5000409F01 /* Build configuration list for PBXNativeTarget "NewPrivatePod" */;
			buildPhases = (
				84D1071F21C76A4F00409F01 /* Sources */,
				84D1072021C76A4F00409F01 /* Frameworks */,
				84D1072121C76A4F00409F01 /* Resources */,
			);
			buildRules = (
			);
			dependencies = (
			);
			name = NewPrivatePod;
			productName = NewPrivatePod;
			productReference = 84D1072321C76A4F00409F01 /* NewPrivatePod.app */;
			productType = "com.apple.product-type.application";
		};
/* End PBXNativeTarget section */

/* Begin PBXProject section */
		84D1071B21C76A4F00409F01 /* Project object */ = {
			isa = PBXProject;
			attributes = {
				LastSwiftUpdateCheck = 1010;
				LastUpgradeCheck = 1010;
				ORGANIZATIONNAME = clare;
				TargetAttributes = {
					84D1072221C76A4F00409F01 = {
						CreatedOnToolsVersion = 10.1;
					};
				};
			};
			buildConfigurationList = 84D1071E21C76A4F00409F01 /* Build configuration list for PBXProject "NewPrivatePod" */;
			compatibilityVersion = "Xcode 9.3";
			developmentRegion = en;
			hasScannedForEncodings = 0;
			knownRegions = (
				en,
				Base,
			);
			mainGroup = 84D1071A21C76A4F00409F01;
			productRefGroup = 84D1072421C76A4F00409F01 /* Products */;
			projectDirPath = "";
			projectRoot = "";
			targets = (
				84D1072221C76A4F00409F01 /* NewPrivatePod */,
			);
		};
/* End PBXProject section */

/* Begin PBXResourcesBuildPhase section */
		84D1072121C76A4F00409F01 /* Resources */ = {
			isa = PBXResourcesBuildPhase;
			buildActionMask = 2147483647;
			files = (
				84D1073121C76A5000409F01 /* LaunchScreen.storyboard in Resources */,
				84D1072E21C76A5000409F01 /* Assets.xcassets in Resources */,
				84D1072C21C76A4F00409F01 /* Main.storyboard in Resources */,
			);
			runOnlyForDeploymentPostprocessing = 0;
		};
/* End PBXResourcesBuildPhase section */

/* Begin PBXSourcesBuildPhase section */
		84D1071F21C76A4F00409F01 /* Sources */ = {
			isa = PBXSourcesBuildPhase;
			buildActionMask = 2147483647;
			files = (
				84D1072921C76A4F00409F01 /* ViewController.swift in Sources */,
				84D1074021C76DAA00409F01 /* LogcatViewController.swift in Sources */,
				84D1072721C76A4F00409F01 /* AppDelegate.swift in Sources */,
				847DD5E821C8DA890020797B /* GiftViewController.swift in Sources */,
				847DD5E621C8DA6E0020797B /* ScoreViewController.swift in Sources */,
			);
			runOnlyForDeploymentPostprocessing = 0;
		};
/* End PBXSourcesBuildPhase section */

/* Begin PBXVariantGroup section */
		84D1072A21C76A4F00409F01 /* Main.storyboard */ = {
			isa = PBXVariantGroup;
			children = (
				84D1072B21C76A4F00409F01 /* Base */,
			);
			name = Main.storyboard;
			sourceTree = "<group>";
		};
		84D1072F21C76A5000409F01 /* LaunchScreen.storyboard */ = {
			isa = PBXVariantGroup;
			children = (
				84D1073021C76A5000409F01 /* Base */,
			);
			name = LaunchScreen.storyboard;
			sourceTree = "<group>";
		};
/* End PBXVariantGroup section */

/* Begin XCBuildConfiguration section */
		84D1073321C76A5000409F01 /* Debug */ = {
			isa = XCBuildConfiguration;
			buildSettings = {
				ALWAYS_SEARCH_USER_PATHS = NO;
				CLANG_ANALYZER_NONNULL = YES;
				CLANG_ANALYZER_NUMBER_OBJECT_CONVERSION = YES_AGGRESSIVE;
				CLANG_CXX_LANGUAGE_STANDARD = "gnu++14";
				CLANG_CXX_LIBRARY = "libc++";
				CLANG_ENABLE_MODULES = YES;
				CLANG_ENABLE_OBJC_ARC = YES;
				CLANG_ENABLE_OBJC_WEAK = YES;
				CLANG_WARN_BLOCK_CAPTURE_AUTORELEASING = YES;
				CLANG_WARN_BOOL_CONVERSION = YES;
				CLANG_WARN_COMMA = YES;
				CLANG_WARN_CONSTANT_CONVERSION = YES;
				CLANG_WARN_DEPRECATED_OBJC_IMPLEMENTATIONS = YES;
				CLANG_WARN_DIRECT_OBJC_ISA_USAGE = YES_ERROR;
				CLANG_WARN_DOCUMENTATION_COMMENTS = YES;
				CLANG_WARN_EMPTY_BODY = YES;
				CLANG_WARN_ENUM_CONVERSION = YES;
				CLANG_WARN_INFINITE_RECURSION = YES;
				CLANG_WARN_INT_CONVERSION = YES;
				CLANG_WARN_NON_LITERAL_NULL_CONVERSION = YES;
				CLANG_WARN_OBJC_IMPLICIT_RETAIN_SELF = YES;
				CLANG_WARN_OBJC_LITERAL_CONVERSION = YES;
				CLANG_WARN_OBJC_ROOT_CLASS = YES_ERROR;
				CLANG_WARN_RANGE_LOOP_ANALYSIS = YES;
				CLANG_WARN_STRICT_PROTOTYPES = YES;
				CLANG_WARN_SUSPICIOUS_MOVE = YES;
				CLANG_WARN_UNGUARDED_AVAILABILITY = YES_AGGRESSIVE;
				CLANG_WARN_UNREACHABLE_CODE = YES;
				CLANG_WARN__DUPLICATE_METHOD_MATCH = YES;
				CODE_SIGN_IDENTITY = "iPhone Developer";
				COPY_PHASE_STRIP = NO;
				DEBUG_INFORMATION_FORMAT = dwarf;
				ENABLE_STRICT_OBJC_MSGSEND = YES;
				ENABLE_TESTABILITY = YES;
				GCC_C_LANGUAGE_STANDARD = gnu11;
				GCC_DYNAMIC_NO_PIC = NO;
				GCC_NO_COMMON_BLOCKS = YES;
				GCC_OPTIMIZATION_LEVEL = 0;
				GCC_PREPROCESSOR_DEFINITIONS = (
					"DEBUG=1",
					"$(inherited)",
				);
				GCC_WARN_64_TO_32_BIT_CONVERSION = YES;
				GCC_WARN_ABOUT_RETURN_TYPE = YES_ERROR;
				GCC_WARN_UNDECLARED_SELECTOR = YES;
				GCC_WARN_UNINITIALIZED_AUTOS = YES_AGGRESSIVE;
				GCC_WARN_UNUSED_FUNCTION = YES;
				GCC_WARN_UNUSED_VARIABLE = YES;
				IPHONEOS_DEPLOYMENT_TARGET = 12.1;
				MTL_ENABLE_DEBUG_INFO = INCLUDE_SOURCE;
				MTL_FAST_MATH = YES;
				ONLY_ACTIVE_ARCH = YES;
				SDKROOT = iphoneos;
				SWIFT_ACTIVE_COMPILATION_CONDITIONS = DEBUG;
				SWIFT_OPTIMIZATION_LEVEL = "-Onone";
			};
			name = Debug;
		};
		84D1073421C76A5000409F01 /* Release */ = {
			isa = XCBuildConfiguration;
			buildSettings = {
				ALWAYS_SEARCH_USER_PATHS = NO;
				CLANG_ANALYZER_NONNULL = YES;
				CLANG_ANALYZER_NUMBER_OBJECT_CONVERSION = YES_AGGRESSIVE;
				CLANG_CXX_LANGUAGE_STANDARD = "gnu++14";
				CLANG_CXX_LIBRARY = "libc++";
				CLANG_ENABLE_MODULES = YES;
				CLANG_ENABLE_OBJC_ARC = YES;
				CLANG_ENABLE_OBJC_WEAK = YES;
				CLANG_WARN_BLOCK_CAPTURE_AUTORELEASING = YES;
				CLANG_WARN_BOOL_CONVERSION = YES;
				CLANG_WARN_COMMA = YES;
				CLANG_WARN_CONSTANT_CONVERSION = YES;
				CLANG_WARN_DEPRECATED_OBJC_IMPLEMENTATIONS = YES;
				CLANG_WARN_DIRECT_OBJC_ISA_USAGE = YES_ERROR;
				CLANG_WARN_DOCUMENTATION_COMMENTS = YES;
				CLANG_WARN_EMPTY_BODY = YES;
				CLANG_WARN_ENUM_CONVERSION = YES;
				CLANG_WARN_INFINITE_RECURSION = YES;
				CLANG_WARN_INT_CONVERSION = YES;
				CLANG_WARN_NON_LITERAL_NULL_CONVERSION = YES;
				CLANG_WARN_OBJC_IMPLICIT_RETAIN_SELF = YES;
				CLANG_WARN_OBJC_LITERAL_CONVERSION = YES;
				CLANG_WARN_OBJC_ROOT_CLASS = YES_ERROR;
				CLANG_WARN_RANGE_LOOP_ANALYSIS = YES;
				CLANG_WARN_STRICT_PROTOTYPES = YES;
				CLANG_WARN_SUSPICIOUS_MOVE = YES;
				CLANG_WARN_UNGUARDED_AVAILABILITY = YES_AGGRESSIVE;
				CLANG_WARN_UNREACHABLE_CODE = YES;
				CLANG_WARN__DUPLICATE_METHOD_MATCH = YES;
				CODE_SIGN_IDENTITY = "iPhone Developer";
				COPY_PHASE_STRIP = NO;
				DEBUG_INFORMATION_FORMAT = "dwarf-with-dsym";
				ENABLE_NS_ASSERTIONS = NO;
				ENABLE_STRICT_OBJC_MSGSEND = YES;
				GCC_C_LANGUAGE_STANDARD = gnu11;
				GCC_NO_COMMON_BLOCKS = YES;
				GCC_WARN_64_TO_32_BIT_CONVERSION = YES;
				GCC_WARN_ABOUT_RETURN_TYPE = YES_ERROR;
				GCC_WARN_UNDECLARED_SELECTOR = YES;
				GCC_WARN_UNINITIALIZED_AUTOS = YES_AGGRESSIVE;
				GCC_WARN_UNUSED_FUNCTION = YES;
				GCC_WARN_UNUSED_VARIABLE = YES;
				IPHONEOS_DEPLOYMENT_TARGET = 12.1;
				MTL_ENABLE_DEBUG_INFO = NO;
				MTL_FAST_MATH = YES;
				SDKROOT = iphoneos;
				SWIFT_COMPILATION_MODE = wholemodule;
				SWIFT_OPTIMIZATION_LEVEL = "-O";
				VALIDATE_PRODUCT = YES;
			};
			name = Release;
		};
		84D1073621C76A5000409F01 /* Debug */ = {
			isa = XCBuildConfiguration;
			buildSettings = {
				ASSETCATALOG_COMPILER_APPICON_NAME = AppIcon;
				CODE_SIGN_STYLE = Automatic;
				DEVELOPMENT_TEAM = XBFA334TD8;
				INFOPLIST_FILE = NewPrivatePod/Info.plist;
				LD_RUNPATH_SEARCH_PATHS = (
					"$(inherited)",
					"@executable_path/Frameworks",
				);
				PRODUCT_BUNDLE_IDENTIFIER = lingjie.NewPrivatePod;
				PRODUCT_NAME = "$(TARGET_NAME)";
				SWIFT_VERSION = 4.2;
				TARGETED_DEVICE_FAMILY = "1,2";
			};
			name = Debug;
		};
		84D1073721C76A5000409F01 /* Release */ = {
			isa = XCBuildConfiguration;
			buildSettings = {
				ASSETCATALOG_COMPILER_APPICON_NAME = AppIcon;
				CODE_SIGN_STYLE = Automatic;
				DEVELOPMENT_TEAM = XBFA334TD8;
				INFOPLIST_FILE = NewPrivatePod/Info.plist;
				LD_RUNPATH_SEARCH_PATHS = (
					"$(inherited)",
					"@executable_path/Frameworks",
				);
				PRODUCT_BUNDLE_IDENTIFIER = lingjie.NewPrivatePod;
				PRODUCT_NAME = "$(TARGET_NAME)";
				SWIFT_VERSION = 4.2;
				TARGETED_DEVICE_FAMILY = "1,2";
			};
			name = Release;
		};
/* End XCBuildConfiguration section */

/* Begin XCConfigurationList section */
		84D1071E21C76A4F00409F01 /* Build configuration list for PBXProject "NewPrivatePod" */ = {
			isa = XCConfigurationList;
			buildConfigurations = (
				84D1073321C76A5000409F01 /* Debug */,
				84D1073421C76A5000409F01 /* Release */,
			);
			defaultConfigurationIsVisible = 0;
			defaultConfigurationName = Release;
		};
		84D1073521C76A5000409F01 /* Build configuration list for PBXNativeTarget "NewPrivatePod" */ = {
			isa = XCConfigurationList;
			buildConfigurations = (
				84D1073621C76A5000409F01 /* Debug */,
				84D1073721C76A5000409F01 /* Release */,
			);
			defaultConfigurationIsVisible = 0;
			defaultConfigurationName = Release;
		};
/* End XCConfigurationList section */
	};
	rootObject = 84D1071B21C76A4F00409F01 /* Project object */;
}
